// !$*UTF8*$!
{
	archiveVersion = 1;
	classes = {
	};
	objectVersion = 46;
	objects = {

/* Begin PBXBuildFile section */
		AC67CFDE1F0D7A0600563DD8 /* AppDelegate.swift in Sources */ = {isa = PBXBuildFile; fileRef = AC67CFDD1F0D7A0600563DD8 /* AppDelegate.swift */; };
		AC67CFE01F0D7A0600563DD8 /* ViewController.swift in Sources */ = {isa = PBXBuildFile; fileRef = AC67CFDF1F0D7A0600563DD8 /* ViewController.swift */; };
		AC67CFE31F0D7A0600563DD8 /* Main.storyboard in Resources */ = {isa = PBXBuildFile; fileRef = AC67CFE11F0D7A0600563DD8 /* Main.storyboard */; };
		AC67CFE51F0D7A0600563DD8 /* Assets.xcassets in Resources */ = {isa = PBXBuildFile; fileRef = AC67CFE41F0D7A0600563DD8 /* Assets.xcassets */; };
		AC67CFE81F0D7A0600563DD8 /* LaunchScreen.storyboard in Resources */ = {isa = PBXBuildFile; fileRef = AC67CFE61F0D7A0600563DD8 /* LaunchScreen.storyboard */; };
/* End PBXBuildFile section */

/* Begin PBXFileReference section */
		AC67CFDA1F0D7A0600563DD8 /* ADG Internal.app */ = {isa = PBXFileReference; explicitFileType = wrapper.application; includeInIndex = 0; path = "ADG Internal.app"; sourceTree = BUILT_PRODUCTS_DIR; };
		AC67CFDD1F0D7A0600563DD8 /* AppDelegate.swift */ = {isa = PBXFileReference; lastKnownFileType = sourcecode.swift; path = AppDelegate.swift; sourceTree = "<group>"; };
		AC67CFDF1F0D7A0600563DD8 /* ViewController.swift */ = {isa = PBXFileReference; lastKnownFileType = sourcecode.swift; path = ViewController.swift; sourceTree = "<group>"; };
		AC67CFE21F0D7A0600563DD8 /* Base */ = {isa = PBXFileReference; lastKnownFileType = file.storyboard; name = Base; path = Base.lproj/Main.storyboard; sourceTree = "<group>"; };
		AC67CFE41F0D7A0600563DD8 /* Assets.xcassets */ = {isa = PBXFileReference; lastKnownFileType = folder.assetcatalog; path = Assets.xcassets; sourceTree = "<group>"; };
		AC67CFE71F0D7A0600563DD8 /* Base */ = {isa = PBXFileReference; lastKnownFileType = file.storyboard; name = Base; path = Base.lproj/LaunchScreen.storyboard; sourceTree = "<group>"; };
		AC67CFE91F0D7A0600563DD8 /* Info.plist */ = {isa = PBXFileReference; lastKnownFileType = text.plist.xml; path = Info.plist; sourceTree = "<group>"; };
/* End PBXFileReference section */

/* Begin PBXFrameworksBuildPhase section */
		AC67CFD71F0D7A0600563DD8 /* Frameworks */ = {
			isa = PBXFrameworksBuildPhase;
			buildActionMask = 2147483647;
			files = (
			);
			runOnlyForDeploymentPostprocessing = 0;
		};
/* End PBXFrameworksBuildPhase section */

/* Begin PBXGroup section */
		AC67CFD11F0D7A0600563DD8 = {
			isa = PBXGroup;
			children = (
				AC67CFDC1F0D7A0600563DD8 /* ADG Internal */,
				AC67CFDB1F0D7A0600563DD8 /* Products */,
			);
			sourceTree = "<group>";
		};
		AC67CFDB1F0D7A0600563DD8 /* Products */ = {
			isa = PBXGroup;
			children = (
				AC67CFDA1F0D7A0600563DD8 /* ADG Internal.app */,
			);
			name = Products;
			sourceTree = "<group>";
		};
		AC67CFDC1F0D7A0600563DD8 /* ADG Internal */ = {
			isa = PBXGroup;
			children = (
				AC67CFDD1F0D7A0600563DD8 /* AppDelegate.swift */,
				AC67CFDF1F0D7A0600563DD8 /* ViewController.swift */,
				AC67CFE11F0D7A0600563DD8 /* Main.storyboard */,
				AC67CFE41F0D7A0600563DD8 /* Assets.xcassets */,
				AC67CFE61F0D7A0600563DD8 /* LaunchScreen.storyboard */,
				AC67CFE91F0D7A0600563DD8 /* Info.plist */,
			);
			path = "ADG Internal";
			sourceTree = "<group>";
		};
/* End PBXGroup section */

/* Begin PBXNativeTarget section */
		AC67CFD91F0D7A0600563DD8 /* ADG Internal */ = {
			isa = PBXNativeTarget;
			buildConfigurationList = AC67CFEC1F0D7A0600563DD8 /* Build configuration list for PBXNativeTarget "ADG Internal" */;
			buildPhases = (
				AC67CFD61F0D7A0600563DD8 /* Sources */,
				AC67CFD71F0D7A0600563DD8 /* Frameworks */,
				AC67CFD81F0D7A0600563DD8 /* Resources */,
			);
			buildRules = (
			);
			dependencies = (
			);
			name = "ADG Internal";
			productName = "ADG Internal";
			productReference = AC67CFDA1F0D7A0600563DD8 /* ADG Internal.app */;
			productType = "com.apple.product-type.application";
		};
/* End PBXNativeTarget section */

/* Begin PBXProject section */
		AC67CFD21F0D7A0600563DD8 /* Project object */ = {
			isa = PBXProject;
			attributes = {
				LastSwiftUpdateCheck = 0830;
				LastUpgradeCheck = 0830;
				ORGANIZATIONNAME = "Akshat Agarwal";
				TargetAttributes = {
					AC67CFD91F0D7A0600563DD8 = {
						CreatedOnToolsVersion = 8.3.1;
						ProvisioningStyle = Automatic;
					};
				};
			};
			buildConfigurationList = AC67CFD51F0D7A0600563DD8 /* Build configuration list for PBXProject "ADG Internal" */;
			compatibilityVersion = "Xcode 3.2";
			developmentRegion = English;
			hasScannedForEncodings = 0;
			knownRegions = (
				en,
				Base,
			);
			mainGroup = AC67CFD11F0D7A0600563DD8;
			productRefGroup = AC67CFDB1F0D7A0600563DD8 /* Products */;
			projectDirPath = "";
			projectRoot = "";
			targets = (
				AC67CFD91F0D7A0600563DD8 /* ADG Internal */,
			);
		};
/* End PBXProject section */

/* Begin PBXResourcesBuildPhase section */
		AC67CFD81F0D7A0600563DD8 /* Resources */ = {
			isa = PBXResourcesBuildPhase;
			buildActionMask = 2147483647;
			files = (
				AC67CFE81F0D7A0600563DD8 /* LaunchScreen.storyboard in Resources */,
				AC67CFE51F0D7A0600563DD8 /* Assets.xcassets in Resources */,
				AC67CFE31F0D7A0600563DD8 /* Main.storyboard in Resources */,
			);
			runOnlyForDeploymentPostprocessing = 0;
		};
/* End PBXResourcesBuildPhase section */

/* Begin PBXSourcesBuildPhase section */
		AC67CFD61F0D7A0600563DD8 /* Sources */ = {
			isa = PBXSourcesBuildPhase;
			buildActionMask = 2147483647;
			files = (
				AC67CFE01F0D7A0600563DD8 /* ViewController.swift in Sources */,
				AC67CFDE1F0D7A0600563DD8 /* AppDelegate.swift in Sources */,
			);
			runOnlyForDeploymentPostprocessing = 0;
		};
/* End PBXSourcesBuildPhase section */

/* Begin PBXVariantGroup section */
		AC67CFE11F0D7A0600563DD8 /* Main.storyboard */ = {
			isa = PBXVariantGroup;
			children = (
				AC67CFE21F0D7A0600563DD8 /* Base */,
			);
			name = Main.storyboard;
			sourceTree = "<group>";
		};
		AC67CFE61F0D7A0600563DD8 /* LaunchScreen.storyboard */ = {
			isa = PBXVariantGroup;
			children = (
				AC67CFE71F0D7A0600563DD8 /* Base */,
			);
			name = LaunchScreen.storyboard;
			sourceTree = "<group>";
		};
/* End PBXVariantGroup section */

/* Begin XCBuildConfiguration section */
		AC67CFEA1F0D7A0600563DD8 /* Debug */ = {
			isa = XCBuildConfiguration;
			buildSettings = {
				ALWAYS_SEARCH_USER_PATHS = NO;
				CLANG_ANALYZER_NONNULL = YES;
				CLANG_ANALYZER_NUMBER_OBJECT_CONVERSION = YES_AGGRESSIVE;
				CLANG_CXX_LANGUAGE_STANDARD = "gnu++0x";
				CLANG_CXX_LIBRARY = "libc++";
				CLANG_ENABLE_MODULES = YES;
				CLANG_ENABLE_OBJC_ARC = YES;
				CLANG_WARN_BOOL_CONVERSION = YES;
				CLANG_WARN_CONSTANT_CONVERSION = YES;
				CLANG_WARN_DIRECT_OBJC_ISA_USAGE = YES_ERROR;
				CLANG_WARN_DOCUMENTATION_COMMENTS = YES;
				CLANG_WARN_EMPTY_BODY = YES;
				CLANG_WARN_ENUM_CONVERSION = YES;
				CLANG_WARN_INFINITE_RECURSION = YES;
				CLANG_WARN_INT_CONVERSION = YES;
				CLANG_WARN_OBJC_ROOT_CLASS = YES_ERROR;
				CLANG_WARN_SUSPICIOUS_MOVE = YES;
				CLANG_WARN_UNREACHABLE_CODE = YES;
				CLANG_WARN__DUPLICATE_METHOD_MATCH = YES;
				"CODE_SIGN_IDENTITY[sdk=iphoneos*]" = "iPhone Developer";
				COPY_PHASE_STRIP = NO;
				DEBUG_INFORMATION_FORMAT = dwarf;
				ENABLE_STRICT_OBJC_MSGSEND = YES;
				ENABLE_TESTABILITY = YES;
				GCC_C_LANGUAGE_STANDARD = gnu99;
				GCC_DYNAMIC_NO_PIC = NO;
				GCC_NO_COMMON_BLOCKS = YES;
				GCC_OPTIMIZATION_LEVEL = 0;
				GCC_PREPROCESSOR_DEFINITIONS = (
					"DEBUG=1",
					"$(inherited)",
				);
				GCC_WARN_64_TO_32_BIT_CONVERSION = YES;
				GCC_WARN_ABOUT_RETURN_TYPE = YES_ERROR;
				GCC_WARN_UNDECLARED_SELECTOR = YES;
				GCC_WARN_UNINITIALIZED_AUTOS = YES_AGGRESSIVE;
				GCC_WARN_UNUSED_FUNCTION = YES;
				GCC_WARN_UNUSED_VARIABLE = YES;
				IPHONEOS_DEPLOYMENT_TARGET = 10.3;
				MTL_ENABLE_DEBUG_INFO = YES;
				ONLY_ACTIVE_ARCH = YES;
				SDKROOT = iphoneos;
				SWIFT_ACTIVE_COMPILATION_CONDITIONS = DEBUG;
				SWIFT_OPTIMIZATION_LEVEL = "-Onone";
				TARGETED_DEVICE_FAMILY = "1,2";
			};
			name = Debug;
		};
		AC67CFEB1F0D7A0600563DD8 /* Release */ = {
			isa = XCBuildConfiguration;
			buildSettings = {
				ALWAYS_SEARCH_USER_PATHS = NO;
				CLANG_ANALYZER_NONNULL = YES;
				CLANG_ANALYZER_NUMBER_OBJECT_CONVERSION = YES_AGGRESSIVE;
				CLANG_CXX_LANGUAGE_STANDARD = "gnu++0x";
				CLANG_CXX_LIBRARY = "libc++";
				CLANG_ENABLE_MODULES = YES;
				CLANG_ENABLE_OBJC_ARC = YES;
				CLANG_WARN_BOOL_CONVERSION = YES;
				CLANG_WARN_CONSTANT_CONVERSION = YES;
				CLANG_WARN_DIRECT_OBJC_ISA_USAGE = YES_ERROR;
				CLANG_WARN_DOCUMENTATION_COMMENTS = YES;
				CLANG_WARN_EMPTY_BODY = YES;
				CLANG_WARN_ENUM_CONVERSION = YES;
				CLANG_WARN_INFINITE_RECURSION = YES;
				CLANG_WARN_INT_CONVERSION = YES;
				CLANG_WARN_OBJC_ROOT_CLASS = YES_ERROR;
				CLANG_WARN_SUSPICIOUS_MOVE = YES;
				CLANG_WARN_UNREACHABLE_CODE = YES;
				CLANG_WARN__DUPLICATE_METHOD_MATCH = YES;
				"CODE_SIGN_IDENTITY[sdk=iphoneos*]" = "iPhone Developer";
				COPY_PHASE_STRIP = NO;
				DEBUG_INFORMATION_FORMAT = "dwarf-with-dsym";
				ENABLE_NS_ASSERTIONS = NO;
				ENABLE_STRICT_OBJC_MSGSEND = YES;
				GCC_C_LANGUAGE_STANDARD = gnu99;
				GCC_NO_COMMON_BLOCKS = YES;
				GCC_WARN_64_TO_32_BIT_CONVERSION = YES;
				GCC_WARN_ABOUT_RETURN_TYPE = YES_ERROR;
				GCC_WARN_UNDECLARED_SELECTOR = YES;
				GCC_WARN_UNINITIALIZED_AUTOS = YES_AGGRESSIVE;
				GCC_WARN_UNUSED_FUNCTION = YES;
				GCC_WARN_UNUSED_VARIABLE = YES;
				IPHONEOS_DEPLOYMENT_TARGET = 10.3;
				MTL_ENABLE_DEBUG_INFO = NO;
				SDKROOT = iphoneos;
				SWIFT_OPTIMIZATION_LEVEL = "-Owholemodule";
				TARGETED_DEVICE_FAMILY = "1,2";
				VALIDATE_PRODUCT = YES;
			};
			name = Release;
		};
		AC67CFED1F0D7A0600563DD8 /* Debug */ = {
			isa = XCBuildConfiguration;
			buildSettings = {
				ASSETCATALOG_COMPILER_APPICON_NAME = AppIcon;
				INFOPLIST_FILE = "ADG Internal/Info.plist";
				LD_RUNPATH_SEARCH_PATHS = "$(inherited) @executable_path/Frameworks";
				PRODUCT_BUNDLE_IDENTIFIER = "akshat.ADG-Internal";
				PRODUCT_NAME = "$(TARGET_NAME)";
				SWIFT_VERSION = 3.0;
			};
			name = Debug;
		};
		AC67CFEE1F0D7A0600563DD8 /* Release */ = {
			isa = XCBuildConfiguration;
			buildSettings = {
				ASSETCATALOG_COMPILER_APPICON_NAME = AppIcon;
				INFOPLIST_FILE = "ADG Internal/Info.plist";
				LD_RUNPATH_SEARCH_PATHS = "$(inherited) @executable_path/Frameworks";
				PRODUCT_BUNDLE_IDENTIFIER = "akshat.ADG-Internal";
				PRODUCT_NAME = "$(TARGET_NAME)";
				SWIFT_VERSION = 3.0;
			};
			name = Release;
		};
/* End XCBuildConfiguration section */

/* Begin XCConfigurationList section */
		AC67CFD51F0D7A0600563DD8 /* Build configuration list for PBXProject "ADG Internal" */ = {
			isa = XCConfigurationList;
			buildConfigurations = (
				AC67CFEA1F0D7A0600563DD8 /* Debug */,
				AC67CFEB1F0D7A0600563DD8 /* Release */,
			);
			defaultConfigurationIsVisible = 0;
			defaultConfigurationName = Release;
		};
		AC67CFEC1F0D7A0600563DD8 /* Build configuration list for PBXNativeTarget "ADG Internal" */ = {
			isa = XCConfigurationList;
			buildConfigurations = (
				AC67CFED1F0D7A0600563DD8 /* Debug */,
				AC67CFEE1F0D7A0600563DD8 /* Release */,
			);
			defaultConfigurationIsVisible = 0;
		};
/* End XCConfigurationList section */
	};
	rootObject = AC67CFD21F0D7A0600563DD8 /* Project object */;
}
